
Microsoft Visual Studio Solution File, Format Version 12.00
# Visual Studio Version 16
VisualStudioVersion = 16.0.30114.105
MinimumVisualStudioVersion = 10.0.40219.1
Project("{2150E333-8FDC-42A3-9474-1A3956D46DE8}") = "test", "test", "{B0F7FBFA-B964-438C-BC10-C3791BC1C9D2}"
EndProject
Project("{FAE04EC0-301F-11D3-BF4B-00C04F79EFBC}") = "OpenFTTH.AddressImporter.Dawa.Tests", "test\OpenFTTH.AddressImporter.Dawa.Tests\OpenFTTH.AddressImporter.Dawa.Tests.csproj", "{E528B1DB-3C36-4B44-8647-6C8A0EC0FA65}"
EndProject
Project("{2150E333-8FDC-42A3-9474-1A3956D46DE8}") = "src", "src", "{18493BF0-2EC9-4EA4-AA3C-4D99E19AA89C}"
EndProject
Project("{FAE04EC0-301F-11D3-BF4B-00C04F79EFBC}") = "OpenFTTH.AddressImporter.Dawa", "src\OpenFTTH.AddressImporter.Dawa\OpenFTTH.AddressImporter.Dawa.csproj", "{B955B90F-E5D5-44D0-B784-6190CF2C5AEA}"
EndProject
Global
	GlobalSection(SolutionConfigurationPlatforms) = preSolution
		Debug|Any CPU = Debug|Any CPU
		Release|Any CPU = Release|Any CPU
	EndGlobalSection
	GlobalSection(SolutionProperties) = preSolution
		HideSolutionNode = FALSE
	EndGlobalSection
	GlobalSection(ProjectConfigurationPlatforms) = postSolution
		{E528B1DB-3C36-4B44-8647-6C8A0EC0FA65}.Debug|Any CPU.ActiveCfg = Debug|Any CPU
		{E528B1DB-3C36-4B44-8647-6C8A0EC0FA65}.Debug|Any CPU.Build.0 = Debug|Any CPU
		{E528B1DB-3C36-4B44-8647-6C8A0EC0FA65}.Release|Any CPU.ActiveCfg = Release|Any CPU
		{E528B1DB-3C36-4B44-8647-6C8A0EC0FA65}.Release|Any CPU.Build.0 = Release|Any CPU
		{B955B90F-E5D5-44D0-B784-6190CF2C5AEA}.Debug|Any CPU.ActiveCfg = Debug|Any CPU
		{B955B90F-E5D5-44D0-B784-6190CF2C5AEA}.Debug|Any CPU.Build.0 = Debug|Any CPU
		{B955B90F-E5D5-44D0-B784-6190CF2C5AEA}.Release|Any CPU.ActiveCfg = Release|Any CPU
		{B955B90F-E5D5-44D0-B784-6190CF2C5AEA}.Release|Any CPU.Build.0 = Release|Any CPU
	EndGlobalSection
	GlobalSection(NestedProjects) = preSolution
		{E528B1DB-3C36-4B44-8647-6C8A0EC0FA65} = {B0F7FBFA-B964-438C-BC10-C3791BC1C9D2}
		{B955B90F-E5D5-44D0-B784-6190CF2C5AEA} = {18493BF0-2EC9-4EA4-AA3C-4D99E19AA89C}
	EndGlobalSection
EndGlobal
